{
    "_meta": {
        "hash": {
            "sha256": "9f258755860615d795cf169404c1fdb81d20eca01cc286309299cfe74b30e419"
        },
        "requires": {},
        "sources": [
            {
                "url": "https://pypi.python.org/simple",
                "verify_ssl": true
            }
        ]
    },
    "default": {
        "Flask": {
            "hash": "sha256:7f03bb2c255452444f7265eddb51601806e5447b6f8a2d50bbc77a654a14c118",
            "version": "==0.12"
        },
        "Jinja2": {
            "hash": "sha256:a7b7438120dbe76a8e735ef7eba6048eaf4e0b7dbc530e100812f8ec462a4d50",
            "version": "==2.9.5"
        },
        "MarkupSafe": {
            "hash": "sha256:a6be69091dac236ea9c6bc7d012beab42010fa914c459791d627dad4910eb665",
            "version": "==1.0"
        },
        "Pillow": {
            "hash": "sha256:fbb384b0936c9e71c5456707699e0fcdf6ce1004c08766463b8f48035651eea3",
            "version": "==3.4.2"
        },
        "PyLD": {
            "hash": "sha256:a6840cdd72fe5f070a0f8e7beb4aadfaac138d89052aae8e9baeef9390d10ed4",
            "version": "==0.7.1"
        },
        "Werkzeug": {
            "hash": "sha256:918322630c58fa52b89e14c45de3ad78514e18928dac726060bb89cd647f6b83",
            "version": "==0.12.1"
        },
        "click": {
            "hash": "sha256:29f99fc6125fbc931b758dc053b3114e55c77a6e4c6c3a2674a2dc986016381d",
            "version": "==6.7"
        },
        "iiif": {
            "hash": "sha256:7dea9ff3d52705afddaca840d0a2ab158eb37aa1b0551590ea058e987d4d355b",
            "version": "==1.0.2"
        },
        "iiif-prezi": {
            "hash": "sha256:97cd67a08865e3afaa98e83059cb4b081b781061aa77736512cd2832dd2f11db",
            "version": "==0.2.7"
        },
        "itsdangerous": {
            "hash": "sha256:cbb3fcf8d3e33df861709ecaf89d9e6629cff0a217bc2848f1b41cd30d360519",
            "version": "==0.24"
        },
        "lxml": {
            "hash": "sha256:cc0ee0c5502dcfb7d9560e0a53f78ae6b9085f78742618af415e18b2a06c0e84",
            "version": "==3.7.3"
        },
        "mock": {
            "hash": "sha256:5ce3c71c5545b472da17b72268978914d0252980348636840bd34a00b5cc96c1",
            "version": "==2.0.0"
        },
        "pbr": {
            "hash": "sha256:d9b69a26a5cb4e3898eb3c5cea54d2ab3332382167f04e30db5e1f54e1945e45",
            "version": "==2.0.0"
        },
        "python-magic": {
            "hash": "sha256:a04b20900100884d4fce40a767182a16fcb9d10756c67cdc21f5fa610b7c9d3c",
            "version": "==0.4.12"
        },
        "six": {
            "hash": "sha256:0ff78c403d9bccf5a425a6d31a12aa6b47f1c21ca4dc2573a7e2f32a97335eb1",
            "version": "==1.10.0"
        }
    },
    "develop": {}
}